
Microsoft Visual Studio Solution File, Format Version 12.00
# Visual Studio Version 17
VisualStudioVersion = 17.14.36518.9 d17.14
MinimumVisualStudioVersion = 10.0.40219.1
Project("{FAE04EC0-301F-11D3-BF4B-00C04F79EFBC}") = "Exercise_7", "Exercise_7\Exercise_7.csproj", "{912F6858-46C2-461D-A03F-2C466347A232}"
EndProject
Global
	GlobalSection(SolutionConfigurationPlatforms) = preSolution
		Debug|Any CPU = Debug|Any CPU
		Release|Any CPU = Release|Any CPU
	EndGlobalSection
	GlobalSection(ProjectConfigurationPlatforms) = postSolution
		{912F6858-46C2-461D-A03F-2C466347A232}.Debug|Any CPU.ActiveCfg = Debug|Any CPU
		{912F6858-46C2-461D-A03F-2C466347A232}.Debug|Any CPU.Build.0 = Debug|Any CPU
		{912F6858-46C2-461D-A03F-2C466347A232}.Release|Any CPU.ActiveCfg = Release|Any CPU
		{912F6858-46C2-461D-A03F-2C466347A232}.Release|Any CPU.Build.0 = Release|Any CPU
	EndGlobalSection
	GlobalSection(SolutionProperties) = preSolution
		HideSolutionNode = FALSE
	EndGlobalSection
	GlobalSection(ExtensibilityGlobals) = postSolution
		SolutionGuid = {7E190533-E4EE-4B23-A538-AE22DD77970F}
	EndGlobalSection
EndGlobal
