
Microsoft Visual Studio Solution File, Format Version 12.00
# Visual Studio Version 17
VisualStudioVersion = 17.14.36518.9 d17.14
MinimumVisualStudioVersion = 10.0.40219.1
Project("{FAE04EC0-301F-11D3-BF4B-00C04F79EFBC}") = "Exercise_5", "Exercise_5\Exercise_5.csproj", "{8E6E70F6-C9C0-4675-9B15-95ED62E5F4EF}"
EndProject
Global
	GlobalSection(SolutionConfigurationPlatforms) = preSolution
		Debug|Any CPU = Debug|Any CPU
		Release|Any CPU = Release|Any CPU
	EndGlobalSection
	GlobalSection(ProjectConfigurationPlatforms) = postSolution
		{8E6E70F6-C9C0-4675-9B15-95ED62E5F4EF}.Debug|Any CPU.ActiveCfg = Debug|Any CPU
		{8E6E70F6-C9C0-4675-9B15-95ED62E5F4EF}.Debug|Any CPU.Build.0 = Debug|Any CPU
		{8E6E70F6-C9C0-4675-9B15-95ED62E5F4EF}.Release|Any CPU.ActiveCfg = Release|Any CPU
		{8E6E70F6-C9C0-4675-9B15-95ED62E5F4EF}.Release|Any CPU.Build.0 = Release|Any CPU
	EndGlobalSection
	GlobalSection(SolutionProperties) = preSolution
		HideSolutionNode = FALSE
	EndGlobalSection
	GlobalSection(ExtensibilityGlobals) = postSolution
		SolutionGuid = {60A0A107-591E-4035-A6BE-B834135ECDF6}
	EndGlobalSection
EndGlobal
