
Microsoft Visual Studio Solution File, Format Version 12.00
# Visual Studio Version 17
VisualStudioVersion = 17.14.36518.9 d17.14
MinimumVisualStudioVersion = 10.0.40219.1
Project("{FAE04EC0-301F-11D3-BF4B-00C04F79EFBC}") = "Exercise_10", "Exercise_10\Exercise_10.csproj", "{5BC95DFA-84FC-4D3B-A4BA-7DF165417A5C}"
EndProject
Global
	GlobalSection(SolutionConfigurationPlatforms) = preSolution
		Debug|Any CPU = Debug|Any CPU
		Release|Any CPU = Release|Any CPU
	EndGlobalSection
	GlobalSection(ProjectConfigurationPlatforms) = postSolution
		{5BC95DFA-84FC-4D3B-A4BA-7DF165417A5C}.Debug|Any CPU.ActiveCfg = Debug|Any CPU
		{5BC95DFA-84FC-4D3B-A4BA-7DF165417A5C}.Debug|Any CPU.Build.0 = Debug|Any CPU
		{5BC95DFA-84FC-4D3B-A4BA-7DF165417A5C}.Release|Any CPU.ActiveCfg = Release|Any CPU
		{5BC95DFA-84FC-4D3B-A4BA-7DF165417A5C}.Release|Any CPU.Build.0 = Release|Any CPU
	EndGlobalSection
	GlobalSection(SolutionProperties) = preSolution
		HideSolutionNode = FALSE
	EndGlobalSection
	GlobalSection(ExtensibilityGlobals) = postSolution
		SolutionGuid = {8F2B9811-15B3-4E50-991A-56982DAC364F}
	EndGlobalSection
EndGlobal
