
Microsoft Visual Studio Solution File, Format Version 12.00
# Visual Studio Version 17
VisualStudioVersion = 17.14.36518.9 d17.14
MinimumVisualStudioVersion = 10.0.40219.1
Project("{FAE04EC0-301F-11D3-BF4B-00C04F79EFBC}") = "Exercise _11", "Exercise _11\Exercise _11.csproj", "{BEB4C6E5-66D3-4FFB-89D2-6A576CF31539}"
EndProject
Global
	GlobalSection(SolutionConfigurationPlatforms) = preSolution
		Debug|Any CPU = Debug|Any CPU
		Release|Any CPU = Release|Any CPU
	EndGlobalSection
	GlobalSection(ProjectConfigurationPlatforms) = postSolution
		{BEB4C6E5-66D3-4FFB-89D2-6A576CF31539}.Debug|Any CPU.ActiveCfg = Debug|Any CPU
		{BEB4C6E5-66D3-4FFB-89D2-6A576CF31539}.Debug|Any CPU.Build.0 = Debug|Any CPU
		{BEB4C6E5-66D3-4FFB-89D2-6A576CF31539}.Release|Any CPU.ActiveCfg = Release|Any CPU
		{BEB4C6E5-66D3-4FFB-89D2-6A576CF31539}.Release|Any CPU.Build.0 = Release|Any CPU
	EndGlobalSection
	GlobalSection(SolutionProperties) = preSolution
		HideSolutionNode = FALSE
	EndGlobalSection
	GlobalSection(ExtensibilityGlobals) = postSolution
		SolutionGuid = {7408EC7A-C086-4547-AE7D-34F6E269D89B}
	EndGlobalSection
EndGlobal
