
Microsoft Visual Studio Solution File, Format Version 12.00
# Visual Studio Version 17
VisualStudioVersion = 17.14.36518.9 d17.14
MinimumVisualStudioVersion = 10.0.40219.1
Project("{FAE04EC0-301F-11D3-BF4B-00C04F79EFBC}") = "Exercise_1", "Exercise_1\Exercise_1.csproj", "{752C521A-8A7E-4286-8B76-A639E5E32417}"
EndProject
Global
	GlobalSection(SolutionConfigurationPlatforms) = preSolution
		Debug|Any CPU = Debug|Any CPU
		Release|Any CPU = Release|Any CPU
	EndGlobalSection
	GlobalSection(ProjectConfigurationPlatforms) = postSolution
		{752C521A-8A7E-4286-8B76-A639E5E32417}.Debug|Any CPU.ActiveCfg = Debug|Any CPU
		{752C521A-8A7E-4286-8B76-A639E5E32417}.Debug|Any CPU.Build.0 = Debug|Any CPU
		{752C521A-8A7E-4286-8B76-A639E5E32417}.Release|Any CPU.ActiveCfg = Release|Any CPU
		{752C521A-8A7E-4286-8B76-A639E5E32417}.Release|Any CPU.Build.0 = Release|Any CPU
	EndGlobalSection
	GlobalSection(SolutionProperties) = preSolution
		HideSolutionNode = FALSE
	EndGlobalSection
	GlobalSection(ExtensibilityGlobals) = postSolution
		SolutionGuid = {4030BD10-87EB-4543-A2F8-4709E9D06A7C}
	EndGlobalSection
EndGlobal
